
Microsoft Visual Studio Solution File, Format Version 12.00
# Visual Studio Version 17
VisualStudioVersion = 17.0.31903.59
MinimumVisualStudioVersion = 10.0.40219.1
Project("{FAE04EC0-301F-11D3-BF4B-00C04F79EFBC}") = "BuberBreakfast", "BuberBreakfast\BuberBreakfast.csproj", "{AB2AF2CE-93AE-4385-BC49-07F62F06A32F}"
EndProject
Project("{FAE04EC0-301F-11D3-BF4B-00C04F79EFBC}") = "BuberBreakfast.Contracts", "BuberBreakfast.Contracts\BuberBreakfast.Contracts.csproj", "{DAD8E64F-DF11-4426-A0C8-E36FAA9DD8DB}"
EndProject
Global
	GlobalSection(SolutionConfigurationPlatforms) = preSolution
		Debug|Any CPU = Debug|Any CPU
		Release|Any CPU = Release|Any CPU
	EndGlobalSection
	GlobalSection(SolutionProperties) = preSolution
		HideSolutionNode = FALSE
	EndGlobalSection
	GlobalSection(ProjectConfigurationPlatforms) = postSolution
		{AB2AF2CE-93AE-4385-BC49-07F62F06A32F}.Debug|Any CPU.ActiveCfg = Debug|Any CPU
		{AB2AF2CE-93AE-4385-BC49-07F62F06A32F}.Debug|Any CPU.Build.0 = Debug|Any CPU
		{AB2AF2CE-93AE-4385-BC49-07F62F06A32F}.Release|Any CPU.ActiveCfg = Release|Any CPU
		{AB2AF2CE-93AE-4385-BC49-07F62F06A32F}.Release|Any CPU.Build.0 = Release|Any CPU
		{DAD8E64F-DF11-4426-A0C8-E36FAA9DD8DB}.Debug|Any CPU.ActiveCfg = Debug|Any CPU
		{DAD8E64F-DF11-4426-A0C8-E36FAA9DD8DB}.Debug|Any CPU.Build.0 = Debug|Any CPU
		{DAD8E64F-DF11-4426-A0C8-E36FAA9DD8DB}.Release|Any CPU.ActiveCfg = Release|Any CPU
		{DAD8E64F-DF11-4426-A0C8-E36FAA9DD8DB}.Release|Any CPU.Build.0 = Release|Any CPU
	EndGlobalSection
EndGlobal
